{
  "name": "PhysBird",
  "version": "3.1.1",
  "lockfileVersion": 1,
  "requires": true,
  "dependencies": {
    "nerdamer": {
      "version": "1.1.12",
      "resolved": "https://registry.nlark.com/nerdamer/download/nerdamer-1.1.12.tgz",
      "integrity": "sha1-p3DIBsBngXC95mXKaaTDSQ4oCk8="
    }
  }
}
